
Microsoft Visual Studio Solution File, Format Version 12.00
# Visual Studio Version 16
VisualStudioVersion = 16.0.31220.234
MinimumVisualStudioVersion = 10.0.40219.1
Project("{D954291E-2A0B-460D-934E-DC6B0785DB48}") = "POSUNO.Shared", "POSUNO\POSUNO.Shared\POSUNO.Shared.shproj", "{6279C845-92F8-4333-AB99-3D213163593C}"
EndProject
Project("{2150E333-8FDC-42A3-9474-1A3956D46DE8}") = "Platforms", "Platforms", "{436E3CEB-F15F-4DEF-B7B0-2DC58B327652}"
EndProject
Project("{FAE04EC0-301F-11D3-BF4B-00C04F79EFBC}") = "POSUNO.Droid", "POSUNO\POSUNO.Droid\POSUNO.Droid.csproj", "{113D5253-EA6B-450B-870B-7A80C9E1D41B}"
EndProject
Project("{FAE04EC0-301F-11D3-BF4B-00C04F79EFBC}") = "POSUNO.iOS", "POSUNO\POSUNO.iOS\POSUNO.iOS.csproj", "{E96E8C17-461D-409C-B71E-8C25372283D8}"
EndProject
Project("{FAE04EC0-301F-11D3-BF4B-00C04F79EFBC}") = "POSUNO.UWP", "POSUNO\POSUNO.UWP\POSUNO.UWP.csproj", "{2D5CAC37-ADDA-4763-958C-EB6E1233EACB}"
EndProject
Project("{9A19103F-16F7-4668-BE54-9A1E7A4F7556}") = "POSUNO.Wasm", "POSUNO\POSUNO.Wasm\POSUNO.Wasm.csproj", "{CC5172F0-D52C-4E5B-997A-F929DF50EFD0}"
EndProject
Project("{FAE04EC0-301F-11D3-BF4B-00C04F79EFBC}") = "POSUNO.macOS", "POSUNO\POSUNO.macOS\POSUNO.macOS.csproj", "{7E4CB06E-1F2D-4556-9C90-58B8491CF5FC}"
EndProject
Project("{9A19103F-16F7-4668-BE54-9A1E7A4F7556}") = "POSUNO.Skia.Wpf.Host", "POSUNO\POSUNO.Skia.Wpf.Host\POSUNO.Skia.Wpf.Host.csproj", "{01C4C759-6249-4FFE-85EA-2D15696AF5BA}"
EndProject
Project("{9A19103F-16F7-4668-BE54-9A1E7A4F7556}") = "POSUNO.Skia.Wpf", "POSUNO\POSUNO.Skia.Wpf\POSUNO.Skia.Wpf.csproj", "{BE8ED2D8-61CD-40B3-94AC-22E4B6EBFB2D}"
EndProject
Project("{9A19103F-16F7-4668-BE54-9A1E7A4F7556}") = "POSUNO.Skia.Gtk", "POSUNO\POSUNO.Skia.Gtk\POSUNO.Skia.Gtk.csproj", "{A27055EA-6B11-40C8-B250-E4FAD74A0A1B}"
EndProject
Project("{9A19103F-16F7-4668-BE54-9A1E7A4F7556}") = "POSUNO.Skia.Tizen", "POSUNO\POSUNO.Skia.Tizen\POSUNO.Skia.Tizen.csproj", "{EBF8E159-6FE7-498C-AEE0-B719CC439641}"
EndProject
Project("{FAE04EC0-301F-11D3-BF4B-00C04F79EFBC}") = "POSUNO.Api", "POSUNO.Api\POSUNO.Api.csproj", "{31B17321-BA40-428E-BFB3-BECB1E79BC09}"
EndProject
Global
	GlobalSection(SharedMSBuildProjectFiles) = preSolution
		POSUNO\POSUNO.Shared\POSUNO.Shared.projitems*{113d5253-ea6b-450b-870b-7a80c9e1d41b}*SharedItemsImports = 4
		POSUNO\POSUNO.Shared\POSUNO.Shared.projitems*{2d5cac37-adda-4763-958c-eb6e1233eacb}*SharedItemsImports = 4
		POSUNO\POSUNO.Shared\POSUNO.Shared.projitems*{6279c845-92f8-4333-ab99-3d213163593c}*SharedItemsImports = 13
		POSUNO\POSUNO.Shared\POSUNO.Shared.projitems*{7e4cb06e-1f2d-4556-9c90-58b8491cf5fc}*SharedItemsImports = 4
		POSUNO\POSUNO.Shared\POSUNO.Shared.projitems*{a27055ea-6b11-40c8-b250-e4fad74a0a1b}*SharedItemsImports = 5
		POSUNO\POSUNO.Shared\POSUNO.Shared.projitems*{be8ed2d8-61cd-40b3-94ac-22e4b6ebfb2d}*SharedItemsImports = 5
		POSUNO\POSUNO.Shared\POSUNO.Shared.projitems*{cc5172f0-d52c-4e5b-997a-f929df50efd0}*SharedItemsImports = 5
		POSUNO\POSUNO.Shared\POSUNO.Shared.projitems*{e96e8c17-461d-409c-b71e-8c25372283d8}*SharedItemsImports = 4
		POSUNO\POSUNO.Shared\POSUNO.Shared.projitems*{ebf8e159-6fe7-498c-aee0-b719cc439641}*SharedItemsImports = 5
	EndGlobalSection
	GlobalSection(SolutionConfigurationPlatforms) = preSolution
		Ad-Hoc|Any CPU = Ad-Hoc|Any CPU
		Ad-Hoc|ARM = Ad-Hoc|ARM
		Ad-Hoc|ARM64 = Ad-Hoc|ARM64
		Ad-Hoc|iPhone = Ad-Hoc|iPhone
		Ad-Hoc|iPhoneSimulator = Ad-Hoc|iPhoneSimulator
		Ad-Hoc|x64 = Ad-Hoc|x64
		Ad-Hoc|x86 = Ad-Hoc|x86
		AppStore|Any CPU = AppStore|Any CPU
		AppStore|ARM = AppStore|ARM
		AppStore|ARM64 = AppStore|ARM64
		AppStore|iPhone = AppStore|iPhone
		AppStore|iPhoneSimulator = AppStore|iPhoneSimulator
		AppStore|x64 = AppStore|x64
		AppStore|x86 = AppStore|x86
		Debug|Any CPU = Debug|Any CPU
		Debug|ARM = Debug|ARM
		Debug|ARM64 = Debug|ARM64
		Debug|iPhone = Debug|iPhone
		Debug|iPhoneSimulator = Debug|iPhoneSimulator
		Debug|x64 = Debug|x64
		Debug|x86 = Debug|x86
		Release|Any CPU = Release|Any CPU
		Release|ARM = Release|ARM
		Release|ARM64 = Release|ARM64
		Release|iPhone = Release|iPhone
		Release|iPhoneSimulator = Release|iPhoneSimulator
		Release|x64 = Release|x64
		Release|x86 = Release|x86
	EndGlobalSection
	GlobalSection(ProjectConfigurationPlatforms) = postSolution
		{113D5253-EA6B-450B-870B-7A80C9E1D41B}.Ad-Hoc|Any CPU.ActiveCfg = Debug|Any CPU
		{113D5253-EA6B-450B-870B-7A80C9E1D41B}.Ad-Hoc|Any CPU.Build.0 = Debug|Any CPU
		{113D5253-EA6B-450B-870B-7A80C9E1D41B}.Ad-Hoc|Any CPU.Deploy.0 = Debug|Any CPU
		{113D5253-EA6B-450B-870B-7A80C9E1D41B}.Ad-Hoc|ARM.ActiveCfg = Debug|Any CPU
		{113D5253-EA6B-450B-870B-7A80C9E1D41B}.Ad-Hoc|ARM.Build.0 = Debug|Any CPU
		{113D5253-EA6B-450B-870B-7A80C9E1D41B}.Ad-Hoc|ARM.Deploy.0 = Debug|Any CPU
		{113D5253-EA6B-450B-870B-7A80C9E1D41B}.Ad-Hoc|ARM64.ActiveCfg = Debug|Any CPU
		{113D5253-EA6B-450B-870B-7A80C9E1D41B}.Ad-Hoc|ARM64.Build.0 = Debug|Any CPU
		{113D5253-EA6B-450B-870B-7A80C9E1D41B}.Ad-Hoc|ARM64.Deploy.0 = Debug|Any CPU
		{113D5253-EA6B-450B-870B-7A80C9E1D41B}.Ad-Hoc|iPhone.ActiveCfg = Debug|Any CPU
		{113D5253-EA6B-450B-870B-7A80C9E1D41B}.Ad-Hoc|iPhone.Build.0 = Debug|Any CPU
		{113D5253-EA6B-450B-870B-7A80C9E1D41B}.Ad-Hoc|iPhone.Deploy.0 = Debug|Any CPU
		{113D5253-EA6B-450B-870B-7A80C9E1D41B}.Ad-Hoc|iPhoneSimulator.ActiveCfg = Debug|Any CPU
		{113D5253-EA6B-450B-870B-7A80C9E1D41B}.Ad-Hoc|iPhoneSimulator.Build.0 = Debug|Any CPU
		{113D5253-EA6B-450B-870B-7A80C9E1D41B}.Ad-Hoc|iPhoneSimulator.Deploy.0 = Debug|Any CPU
		{113D5253-EA6B-450B-870B-7A80C9E1D41B}.Ad-Hoc|x64.ActiveCfg = Debug|Any CPU
		{113D5253-EA6B-450B-870B-7A80C9E1D41B}.Ad-Hoc|x64.Build.0 = Debug|Any CPU
		{113D5253-EA6B-450B-870B-7A80C9E1D41B}.Ad-Hoc|x64.Deploy.0 = Debug|Any CPU
		{113D5253-EA6B-450B-870B-7A80C9E1D41B}.Ad-Hoc|x86.ActiveCfg = Debug|Any CPU
		{113D5253-EA6B-450B-870B-7A80C9E1D41B}.Ad-Hoc|x86.Build.0 = Debug|Any CPU
		{113D5253-EA6B-450B-870B-7A80C9E1D41B}.Ad-Hoc|x86.Deploy.0 = Debug|Any CPU
		{113D5253-EA6B-450B-870B-7A80C9E1D41B}.AppStore|Any CPU.ActiveCfg = Debug|Any CPU
		{113D5253-EA6B-450B-870B-7A80C9E1D41B}.AppStore|Any CPU.Build.0 = Debug|Any CPU
		{113D5253-EA6B-450B-870B-7A80C9E1D41B}.AppStore|Any CPU.Deploy.0 = Debug|Any CPU
		{113D5253-EA6B-450B-870B-7A80C9E1D41B}.AppStore|ARM.ActiveCfg = Debug|Any CPU
		{113D5253-EA6B-450B-870B-7A80C9E1D41B}.AppStore|ARM.Build.0 = Debug|Any CPU
		{113D5253-EA6B-450B-870B-7A80C9E1D41B}.AppStore|ARM.Deploy.0 = Debug|Any CPU
		{113D5253-EA6B-450B-870B-7A80C9E1D41B}.AppStore|ARM64.ActiveCfg = Debug|Any CPU
		{113D5253-EA6B-450B-870B-7A80C9E1D41B}.AppStore|ARM64.Build.0 = Debug|Any CPU
		{113D5253-EA6B-450B-870B-7A80C9E1D41B}.AppStore|ARM64.Deploy.0 = Debug|Any CPU
		{113D5253-EA6B-450B-870B-7A80C9E1D41B}.AppStore|iPhone.ActiveCfg = Debug|Any CPU
		{113D5253-EA6B-450B-870B-7A80C9E1D41B}.AppStore|iPhone.Build.0 = Debug|Any CPU
		{113D5253-EA6B-450B-870B-7A80C9E1D41B}.AppStore|iPhone.Deploy.0 = Debug|Any CPU
		{113D5253-EA6B-450B-870B-7A80C9E1D41B}.AppStore|iPhoneSimulator.ActiveCfg = Debug|Any CPU
		{113D5253-EA6B-450B-870B-7A80C9E1D41B}.AppStore|iPhoneSimulator.Build.0 = Debug|Any CPU
		{113D5253-EA6B-450B-870B-7A80C9E1D41B}.AppStore|iPhoneSimulator.Deploy.0 = Debug|Any CPU
		{113D5253-EA6B-450B-870B-7A80C9E1D41B}.AppStore|x64.ActiveCfg = Debug|Any CPU
		{113D5253-EA6B-450B-870B-7A80C9E1D41B}.AppStore|x64.Build.0 = Debug|Any CPU
		{113D5253-EA6B-450B-870B-7A80C9E1D41B}.AppStore|x64.Deploy.0 = Debug|Any CPU
		{113D5253-EA6B-450B-870B-7A80C9E1D41B}.AppStore|x86.ActiveCfg = Debug|Any CPU
		{113D5253-EA6B-450B-870B-7A80C9E1D41B}.AppStore|x86.Build.0 = Debug|Any CPU
		{113D5253-EA6B-450B-870B-7A80C9E1D41B}.AppStore|x86.Deploy.0 = Debug|Any CPU
		{113D5253-EA6B-450B-870B-7A80C9E1D41B}.Debug|Any CPU.ActiveCfg = Debug|Any CPU
		{113D5253-EA6B-450B-870B-7A80C9E1D41B}.Debug|Any CPU.Build.0 = Debug|Any CPU
		{113D5253-EA6B-450B-870B-7A80C9E1D41B}.Debug|Any CPU.Deploy.0 = Debug|Any CPU
		{113D5253-EA6B-450B-870B-7A80C9E1D41B}.Debug|ARM.ActiveCfg = Debug|Any CPU
		{113D5253-EA6B-450B-870B-7A80C9E1D41B}.Debug|ARM.Build.0 = Debug|Any CPU
		{113D5253-EA6B-450B-870B-7A80C9E1D41B}.Debug|ARM.Deploy.0 = Debug|Any CPU
		{113D5253-EA6B-450B-870B-7A80C9E1D41B}.Debug|ARM64.ActiveCfg = Debug|Any CPU
		{113D5253-EA6B-450B-870B-7A80C9E1D41B}.Debug|ARM64.Build.0 = Debug|Any CPU
		{113D5253-EA6B-450B-870B-7A80C9E1D41B}.Debug|ARM64.Deploy.0 = Debug|Any CPU
		{113D5253-EA6B-450B-870B-7A80C9E1D41B}.Debug|iPhone.ActiveCfg = Debug|Any CPU
		{113D5253-EA6B-450B-870B-7A80C9E1D41B}.Debug|iPhone.Build.0 = Debug|Any CPU
		{113D5253-EA6B-450B-870B-7A80C9E1D41B}.Debug|iPhone.Deploy.0 = Debug|Any CPU
		{113D5253-EA6B-450B-870B-7A80C9E1D41B}.Debug|iPhoneSimulator.ActiveCfg = Debug|Any CPU
		{113D5253-EA6B-450B-870B-7A80C9E1D41B}.Debug|iPhoneSimulator.Build.0 = Debug|Any CPU
		{113D5253-EA6B-450B-870B-7A80C9E1D41B}.Debug|iPhoneSimulator.Deploy.0 = Debug|Any CPU
		{113D5253-EA6B-450B-870B-7A80C9E1D41B}.Debug|x64.ActiveCfg = Debug|Any CPU
		{113D5253-EA6B-450B-870B-7A80C9E1D41B}.Debug|x64.Build.0 = Debug|Any CPU
		{113D5253-EA6B-450B-870B-7A80C9E1D41B}.Debug|x64.Deploy.0 = Debug|Any CPU
		{113D5253-EA6B-450B-870B-7A80C9E1D41B}.Debug|x86.ActiveCfg = Debug|Any CPU
		{113D5253-EA6B-450B-870B-7A80C9E1D41B}.Debug|x86.Build.0 = Debug|Any CPU
		{113D5253-EA6B-450B-870B-7A80C9E1D41B}.Debug|x86.Deploy.0 = Debug|Any CPU
		{113D5253-EA6B-450B-870B-7A80C9E1D41B}.Release|Any CPU.ActiveCfg = Release|Any CPU
		{113D5253-EA6B-450B-870B-7A80C9E1D41B}.Release|Any CPU.Build.0 = Release|Any CPU
		{113D5253-EA6B-450B-870B-7A80C9E1D41B}.Release|Any CPU.Deploy.0 = Release|Any CPU
		{113D5253-EA6B-450B-870B-7A80C9E1D41B}.Release|ARM.ActiveCfg = Release|Any CPU
		{113D5253-EA6B-450B-870B-7A80C9E1D41B}.Release|ARM.Build.0 = Release|Any CPU
		{113D5253-EA6B-450B-870B-7A80C9E1D41B}.Release|ARM.Deploy.0 = Release|Any CPU
		{113D5253-EA6B-450B-870B-7A80C9E1D41B}.Release|ARM64.ActiveCfg = Release|Any CPU
		{113D5253-EA6B-450B-870B-7A80C9E1D41B}.Release|ARM64.Build.0 = Release|Any CPU
		{113D5253-EA6B-450B-870B-7A80C9E1D41B}.Release|ARM64.Deploy.0 = Release|Any CPU
		{113D5253-EA6B-450B-870B-7A80C9E1D41B}.Release|iPhone.ActiveCfg = Release|Any CPU
		{113D5253-EA6B-450B-870B-7A80C9E1D41B}.Release|iPhone.Build.0 = Release|Any CPU
		{113D5253-EA6B-450B-870B-7A80C9E1D41B}.Release|iPhone.Deploy.0 = Release|Any CPU
		{113D5253-EA6B-450B-870B-7A80C9E1D41B}.Release|iPhoneSimulator.ActiveCfg = Release|Any CPU
		{113D5253-EA6B-450B-870B-7A80C9E1D41B}.Release|iPhoneSimulator.Build.0 = Release|Any CPU
		{113D5253-EA6B-450B-870B-7A80C9E1D41B}.Release|iPhoneSimulator.Deploy.0 = Release|Any CPU
		{113D5253-EA6B-450B-870B-7A80C9E1D41B}.Release|x64.ActiveCfg = Release|Any CPU
		{113D5253-EA6B-450B-870B-7A80C9E1D41B}.Release|x64.Build.0 = Release|Any CPU
		{113D5253-EA6B-450B-870B-7A80C9E1D41B}.Release|x64.Deploy.0 = Release|Any CPU
		{113D5253-EA6B-450B-870B-7A80C9E1D41B}.Release|x86.ActiveCfg = Release|Any CPU
		{113D5253-EA6B-450B-870B-7A80C9E1D41B}.Release|x86.Build.0 = Release|Any CPU
		{113D5253-EA6B-450B-870B-7A80C9E1D41B}.Release|x86.Deploy.0 = Release|Any CPU
		{E96E8C17-461D-409C-B71E-8C25372283D8}.Ad-Hoc|Any CPU.ActiveCfg = Ad-Hoc|iPhoneSimulator
		{E96E8C17-461D-409C-B71E-8C25372283D8}.Ad-Hoc|ARM.ActiveCfg = Ad-Hoc|iPhoneSimulator
		{E96E8C17-461D-409C-B71E-8C25372283D8}.Ad-Hoc|ARM64.ActiveCfg = Ad-Hoc|iPhoneSimulator
		{E96E8C17-461D-409C-B71E-8C25372283D8}.Ad-Hoc|iPhone.ActiveCfg = Ad-Hoc|iPhone
		{E96E8C17-461D-409C-B71E-8C25372283D8}.Ad-Hoc|iPhone.Build.0 = Ad-Hoc|iPhone
		{E96E8C17-461D-409C-B71E-8C25372283D8}.Ad-Hoc|iPhoneSimulator.ActiveCfg = Ad-Hoc|iPhoneSimulator
		{E96E8C17-461D-409C-B71E-8C25372283D8}.Ad-Hoc|iPhoneSimulator.Build.0 = Ad-Hoc|iPhoneSimulator
		{E96E8C17-461D-409C-B71E-8C25372283D8}.Ad-Hoc|x64.ActiveCfg = Ad-Hoc|iPhoneSimulator
		{E96E8C17-461D-409C-B71E-8C25372283D8}.Ad-Hoc|x86.ActiveCfg = Ad-Hoc|iPhoneSimulator
		{E96E8C17-461D-409C-B71E-8C25372283D8}.AppStore|Any CPU.ActiveCfg = AppStore|iPhoneSimulator
		{E96E8C17-461D-409C-B71E-8C25372283D8}.AppStore|ARM.ActiveCfg = AppStore|iPhoneSimulator
		{E96E8C17-461D-409C-B71E-8C25372283D8}.AppStore|ARM64.ActiveCfg = AppStore|iPhoneSimulator
		{E96E8C17-461D-409C-B71E-8C25372283D8}.AppStore|iPhone.ActiveCfg = AppStore|iPhone
		{E96E8C17-461D-409C-B71E-8C25372283D8}.AppStore|iPhone.Build.0 = AppStore|iPhone
		{E96E8C17-461D-409C-B71E-8C25372283D8}.AppStore|iPhoneSimulator.ActiveCfg = AppStore|iPhoneSimulator
		{E96E8C17-461D-409C-B71E-8C25372283D8}.AppStore|iPhoneSimulator.Build.0 = AppStore|iPhoneSimulator
		{E96E8C17-461D-409C-B71E-8C25372283D8}.AppStore|x64.ActiveCfg = AppStore|iPhoneSimulator
		{E96E8C17-461D-409C-B71E-8C25372283D8}.AppStore|x86.ActiveCfg = AppStore|iPhoneSimulator
		{E96E8C17-461D-409C-B71E-8C25372283D8}.Debug|Any CPU.ActiveCfg = Debug|iPhoneSimulator
		{E96E8C17-461D-409C-B71E-8C25372283D8}.Debug|ARM.ActiveCfg = Debug|iPhoneSimulator
		{E96E8C17-461D-409C-B71E-8C25372283D8}.Debug|ARM64.ActiveCfg = Debug|iPhoneSimulator
		{E96E8C17-461D-409C-B71E-8C25372283D8}.Debug|iPhone.ActiveCfg = Debug|iPhone
		{E96E8C17-461D-409C-B71E-8C25372283D8}.Debug|iPhone.Build.0 = Debug|iPhone
		{E96E8C17-461D-409C-B71E-8C25372283D8}.Debug|iPhoneSimulator.ActiveCfg = Debug|iPhoneSimulator
		{E96E8C17-461D-409C-B71E-8C25372283D8}.Debug|iPhoneSimulator.Build.0 = Debug|iPhoneSimulator
		{E96E8C17-461D-409C-B71E-8C25372283D8}.Debug|x64.ActiveCfg = Debug|iPhoneSimulator
		{E96E8C17-461D-409C-B71E-8C25372283D8}.Debug|x86.ActiveCfg = Debug|iPhoneSimulator
		{E96E8C17-461D-409C-B71E-8C25372283D8}.Release|Any CPU.ActiveCfg = Release|iPhoneSimulator
		{E96E8C17-461D-409C-B71E-8C25372283D8}.Release|ARM.ActiveCfg = Release|iPhoneSimulator
		{E96E8C17-461D-409C-B71E-8C25372283D8}.Release|ARM64.ActiveCfg = Release|iPhoneSimulator
		{E96E8C17-461D-409C-B71E-8C25372283D8}.Release|iPhone.ActiveCfg = Release|iPhone
		{E96E8C17-461D-409C-B71E-8C25372283D8}.Release|iPhone.Build.0 = Release|iPhone
		{E96E8C17-461D-409C-B71E-8C25372283D8}.Release|iPhoneSimulator.ActiveCfg = Release|iPhoneSimulator
		{E96E8C17-461D-409C-B71E-8C25372283D8}.Release|iPhoneSimulator.Build.0 = Release|iPhoneSimulator
		{E96E8C17-461D-409C-B71E-8C25372283D8}.Release|x64.ActiveCfg = Release|iPhoneSimulator
		{E96E8C17-461D-409C-B71E-8C25372283D8}.Release|x86.ActiveCfg = Release|iPhoneSimulator
		{2D5CAC37-ADDA-4763-958C-EB6E1233EACB}.Ad-Hoc|Any CPU.ActiveCfg = Debug|x86
		{2D5CAC37-ADDA-4763-958C-EB6E1233EACB}.Ad-Hoc|Any CPU.Build.0 = Debug|x86
		{2D5CAC37-ADDA-4763-958C-EB6E1233EACB}.Ad-Hoc|Any CPU.Deploy.0 = Debug|x86
		{2D5CAC37-ADDA-4763-958C-EB6E1233EACB}.Ad-Hoc|ARM.ActiveCfg = Debug|ARM
		{2D5CAC37-ADDA-4763-958C-EB6E1233EACB}.Ad-Hoc|ARM.Build.0 = Debug|ARM
		{2D5CAC37-ADDA-4763-958C-EB6E1233EACB}.Ad-Hoc|ARM.Deploy.0 = Debug|ARM
		{2D5CAC37-ADDA-4763-958C-EB6E1233EACB}.Ad-Hoc|ARM64.ActiveCfg = Debug|ARM64
		{2D5CAC37-ADDA-4763-958C-EB6E1233EACB}.Ad-Hoc|ARM64.Build.0 = Debug|ARM64
		{2D5CAC37-ADDA-4763-958C-EB6E1233EACB}.Ad-Hoc|ARM64.Deploy.0 = Debug|ARM64
		{2D5CAC37-ADDA-4763-958C-EB6E1233EACB}.Ad-Hoc|iPhone.ActiveCfg = Debug|x86
		{2D5CAC37-ADDA-4763-958C-EB6E1233EACB}.Ad-Hoc|iPhone.Build.0 = Debug|x86
		{2D5CAC37-ADDA-4763-958C-EB6E1233EACB}.Ad-Hoc|iPhone.Deploy.0 = Debug|x86
		{2D5CAC37-ADDA-4763-958C-EB6E1233EACB}.Ad-Hoc|iPhoneSimulator.ActiveCfg = Debug|x86
		{2D5CAC37-ADDA-4763-958C-EB6E1233EACB}.Ad-Hoc|iPhoneSimulator.Build.0 = Debug|x86
		{2D5CAC37-ADDA-4763-958C-EB6E1233EACB}.Ad-Hoc|iPhoneSimulator.Deploy.0 = Debug|x86
		{2D5CAC37-ADDA-4763-958C-EB6E1233EACB}.Ad-Hoc|x64.ActiveCfg = Debug|x64
		{2D5CAC37-ADDA-4763-958C-EB6E1233EACB}.Ad-Hoc|x64.Build.0 = Debug|x64
		{2D5CAC37-ADDA-4763-958C-EB6E1233EACB}.Ad-Hoc|x64.Deploy.0 = Debug|x64
		{2D5CAC37-ADDA-4763-958C-EB6E1233EACB}.Ad-Hoc|x86.ActiveCfg = Debug|x86
		{2D5CAC37-ADDA-4763-958C-EB6E1233EACB}.Ad-Hoc|x86.Build.0 = Debug|x86
		{2D5CAC37-ADDA-4763-958C-EB6E1233EACB}.Ad-Hoc|x86.Deploy.0 = Debug|x86
		{2D5CAC37-ADDA-4763-958C-EB6E1233EACB}.AppStore|Any CPU.ActiveCfg = Debug|x86
		{2D5CAC37-ADDA-4763-958C-EB6E1233EACB}.AppStore|Any CPU.Build.0 = Debug|x86
		{2D5CAC37-ADDA-4763-958C-EB6E1233EACB}.AppStore|Any CPU.Deploy.0 = Debug|x86
		{2D5CAC37-ADDA-4763-958C-EB6E1233EACB}.AppStore|ARM.ActiveCfg = Debug|ARM
		{2D5CAC37-ADDA-4763-958C-EB6E1233EACB}.AppStore|ARM.Build.0 = Debug|ARM
		{2D5CAC37-ADDA-4763-958C-EB6E1233EACB}.AppStore|ARM.Deploy.0 = Debug|ARM
		{2D5CAC37-ADDA-4763-958C-EB6E1233EACB}.AppStore|ARM64.ActiveCfg = Debug|ARM64
		{2D5CAC37-ADDA-4763-958C-EB6E1233EACB}.AppStore|ARM64.Build.0 = Debug|ARM64
		{2D5CAC37-ADDA-4763-958C-EB6E1233EACB}.AppStore|ARM64.Deploy.0 = Debug|ARM64
		{2D5CAC37-ADDA-4763-958C-EB6E1233EACB}.AppStore|iPhone.ActiveCfg = Debug|x86
		{2D5CAC37-ADDA-4763-958C-EB6E1233EACB}.AppStore|iPhone.Build.0 = Debug|x86
		{2D5CAC37-ADDA-4763-958C-EB6E1233EACB}.AppStore|iPhone.Deploy.0 = Debug|x86
		{2D5CAC37-ADDA-4763-958C-EB6E1233EACB}.AppStore|iPhoneSimulator.ActiveCfg = Debug|x86
		{2D5CAC37-ADDA-4763-958C-EB6E1233EACB}.AppStore|iPhoneSimulator.Build.0 = Debug|x86
		{2D5CAC37-ADDA-4763-958C-EB6E1233EACB}.AppStore|iPhoneSimulator.Deploy.0 = Debug|x86
		{2D5CAC37-ADDA-4763-958C-EB6E1233EACB}.AppStore|x64.ActiveCfg = Debug|x64
		{2D5CAC37-ADDA-4763-958C-EB6E1233EACB}.AppStore|x64.Build.0 = Debug|x64
		{2D5CAC37-ADDA-4763-958C-EB6E1233EACB}.AppStore|x64.Deploy.0 = Debug|x64
		{2D5CAC37-ADDA-4763-958C-EB6E1233EACB}.AppStore|x86.ActiveCfg = Debug|x86
		{2D5CAC37-ADDA-4763-958C-EB6E1233EACB}.AppStore|x86.Build.0 = Debug|x86
		{2D5CAC37-ADDA-4763-958C-EB6E1233EACB}.AppStore|x86.Deploy.0 = Debug|x86
		{2D5CAC37-ADDA-4763-958C-EB6E1233EACB}.Debug|Any CPU.ActiveCfg = Debug|x86
		{2D5CAC37-ADDA-4763-958C-EB6E1233EACB}.Debug|Any CPU.Build.0 = Debug|x86
		{2D5CAC37-ADDA-4763-958C-EB6E1233EACB}.Debug|Any CPU.Deploy.0 = Debug|x86
		{2D5CAC37-ADDA-4763-958C-EB6E1233EACB}.Debug|ARM.ActiveCfg = Debug|ARM
		{2D5CAC37-ADDA-4763-958C-EB6E1233EACB}.Debug|ARM.Build.0 = Debug|ARM
		{2D5CAC37-ADDA-4763-958C-EB6E1233EACB}.Debug|ARM.Deploy.0 = Debug|ARM
		{2D5CAC37-ADDA-4763-958C-EB6E1233EACB}.Debug|ARM64.ActiveCfg = Debug|ARM64
		{2D5CAC37-ADDA-4763-958C-EB6E1233EACB}.Debug|ARM64.Build.0 = Debug|ARM64
		{2D5CAC37-ADDA-4763-958C-EB6E1233EACB}.Debug|ARM64.Deploy.0 = Debug|ARM64
		{2D5CAC37-ADDA-4763-958C-EB6E1233EACB}.Debug|iPhone.ActiveCfg = Debug|x86
		{2D5CAC37-ADDA-4763-958C-EB6E1233EACB}.Debug|iPhoneSimulator.ActiveCfg = Debug|x86
		{2D5CAC37-ADDA-4763-958C-EB6E1233EACB}.Debug|x64.ActiveCfg = Debug|x64
		{2D5CAC37-ADDA-4763-958C-EB6E1233EACB}.Debug|x64.Build.0 = Debug|x64
		{2D5CAC37-ADDA-4763-958C-EB6E1233EACB}.Debug|x64.Deploy.0 = Debug|x64
		{2D5CAC37-ADDA-4763-958C-EB6E1233EACB}.Debug|x86.ActiveCfg = Debug|x86
		{2D5CAC37-ADDA-4763-958C-EB6E1233EACB}.Debug|x86.Build.0 = Debug|x86
		{2D5CAC37-ADDA-4763-958C-EB6E1233EACB}.Debug|x86.Deploy.0 = Debug|x86
		{2D5CAC37-ADDA-4763-958C-EB6E1233EACB}.Release|Any CPU.ActiveCfg = Release|x86
		{2D5CAC37-ADDA-4763-958C-EB6E1233EACB}.Release|ARM.ActiveCfg = Release|ARM
		{2D5CAC37-ADDA-4763-958C-EB6E1233EACB}.Release|ARM.Build.0 = Release|ARM
		{2D5CAC37-ADDA-4763-958C-EB6E1233EACB}.Release|ARM.Deploy.0 = Release|ARM
		{2D5CAC37-ADDA-4763-958C-EB6E1233EACB}.Release|ARM64.ActiveCfg = Release|ARM64
		{2D5CAC37-ADDA-4763-958C-EB6E1233EACB}.Release|ARM64.Build.0 = Release|ARM64
		{2D5CAC37-ADDA-4763-958C-EB6E1233EACB}.Release|ARM64.Deploy.0 = Release|ARM64
		{2D5CAC37-ADDA-4763-958C-EB6E1233EACB}.Release|iPhone.ActiveCfg = Release|x86
		{2D5CAC37-ADDA-4763-958C-EB6E1233EACB}.Release|iPhoneSimulator.ActiveCfg = Release|x86
		{2D5CAC37-ADDA-4763-958C-EB6E1233EACB}.Release|x64.ActiveCfg = Release|x64
		{2D5CAC37-ADDA-4763-958C-EB6E1233EACB}.Release|x64.Build.0 = Release|x64
		{2D5CAC37-ADDA-4763-958C-EB6E1233EACB}.Release|x64.Deploy.0 = Release|x64
		{2D5CAC37-ADDA-4763-958C-EB6E1233EACB}.Release|x86.ActiveCfg = Release|x86
		{2D5CAC37-ADDA-4763-958C-EB6E1233EACB}.Release|x86.Build.0 = Release|x86
		{2D5CAC37-ADDA-4763-958C-EB6E1233EACB}.Release|x86.Deploy.0 = Release|x86
		{CC5172F0-D52C-4E5B-997A-F929DF50EFD0}.Ad-Hoc|Any CPU.ActiveCfg = Debug|Any CPU
		{CC5172F0-D52C-4E5B-997A-F929DF50EFD0}.Ad-Hoc|Any CPU.Build.0 = Debug|Any CPU
		{CC5172F0-D52C-4E5B-997A-F929DF50EFD0}.Ad-Hoc|ARM.ActiveCfg = Debug|Any CPU
		{CC5172F0-D52C-4E5B-997A-F929DF50EFD0}.Ad-Hoc|ARM.Build.0 = Debug|Any CPU
		{CC5172F0-D52C-4E5B-997A-F929DF50EFD0}.Ad-Hoc|ARM64.ActiveCfg = Debug|Any CPU
		{CC5172F0-D52C-4E5B-997A-F929DF50EFD0}.Ad-Hoc|ARM64.Build.0 = Debug|Any CPU
		{CC5172F0-D52C-4E5B-997A-F929DF50EFD0}.Ad-Hoc|iPhone.ActiveCfg = Debug|Any CPU
		{CC5172F0-D52C-4E5B-997A-F929DF50EFD0}.Ad-Hoc|iPhone.Build.0 = Debug|Any CPU
		{CC5172F0-D52C-4E5B-997A-F929DF50EFD0}.Ad-Hoc|iPhoneSimulator.ActiveCfg = Debug|Any CPU
		{CC5172F0-D52C-4E5B-997A-F929DF50EFD0}.Ad-Hoc|iPhoneSimulator.Build.0 = Debug|Any CPU
		{CC5172F0-D52C-4E5B-997A-F929DF50EFD0}.Ad-Hoc|x64.ActiveCfg = Debug|Any CPU
		{CC5172F0-D52C-4E5B-997A-F929DF50EFD0}.Ad-Hoc|x64.Build.0 = Debug|Any CPU
		{CC5172F0-D52C-4E5B-997A-F929DF50EFD0}.Ad-Hoc|x86.ActiveCfg = Debug|Any CPU
		{CC5172F0-D52C-4E5B-997A-F929DF50EFD0}.Ad-Hoc|x86.Build.0 = Debug|Any CPU
		{CC5172F0-D52C-4E5B-997A-F929DF50EFD0}.AppStore|Any CPU.ActiveCfg = Debug|Any CPU
		{CC5172F0-D52C-4E5B-997A-F929DF50EFD0}.AppStore|Any CPU.Build.0 = Debug|Any CPU
		{CC5172F0-D52C-4E5B-997A-F929DF50EFD0}.AppStore|ARM.ActiveCfg = Debug|Any CPU
		{CC5172F0-D52C-4E5B-997A-F929DF50EFD0}.AppStore|ARM.Build.0 = Debug|Any CPU
		{CC5172F0-D52C-4E5B-997A-F929DF50EFD0}.AppStore|ARM64.ActiveCfg = Debug|Any CPU
		{CC5172F0-D52C-4E5B-997A-F929DF50EFD0}.AppStore|ARM64.Build.0 = Debug|Any CPU
		{CC5172F0-D52C-4E5B-997A-F929DF50EFD0}.AppStore|iPhone.ActiveCfg = Debug|Any CPU
		{CC5172F0-D52C-4E5B-997A-F929DF50EFD0}.AppStore|iPhone.Build.0 = Debug|Any CPU
		{CC5172F0-D52C-4E5B-997A-F929DF50EFD0}.AppStore|iPhoneSimulator.ActiveCfg = Debug|Any CPU
		{CC5172F0-D52C-4E5B-997A-F929DF50EFD0}.AppStore|iPhoneSimulator.Build.0 = Debug|Any CPU
		{CC5172F0-D52C-4E5B-997A-F929DF50EFD0}.AppStore|x64.ActiveCfg = Debug|Any CPU
		{CC5172F0-D52C-4E5B-997A-F929DF50EFD0}.AppStore|x64.Build.0 = Debug|Any CPU
		{CC5172F0-D52C-4E5B-997A-F929DF50EFD0}.AppStore|x86.ActiveCfg = Debug|Any CPU
		{CC5172F0-D52C-4E5B-997A-F929DF50EFD0}.AppStore|x86.Build.0 = Debug|Any CPU
		{CC5172F0-D52C-4E5B-997A-F929DF50EFD0}.Debug|Any CPU.ActiveCfg = Debug|Any CPU
		{CC5172F0-D52C-4E5B-997A-F929DF50EFD0}.Debug|Any CPU.Build.0 = Debug|Any CPU
		{CC5172F0-D52C-4E5B-997A-F929DF50EFD0}.Debug|ARM.ActiveCfg = Debug|Any CPU
		{CC5172F0-D52C-4E5B-997A-F929DF50EFD0}.Debug|ARM.Build.0 = Debug|Any CPU
		{CC5172F0-D52C-4E5B-997A-F929DF50EFD0}.Debug|ARM64.ActiveCfg = Debug|Any CPU
		{CC5172F0-D52C-4E5B-997A-F929DF50EFD0}.Debug|ARM64.Build.0 = Debug|Any CPU
		{CC5172F0-D52C-4E5B-997A-F929DF50EFD0}.Debug|iPhone.ActiveCfg = Debug|Any CPU
		{CC5172F0-D52C-4E5B-997A-F929DF50EFD0}.Debug|iPhone.Build.0 = Debug|Any CPU
		{CC5172F0-D52C-4E5B-997A-F929DF50EFD0}.Debug|iPhoneSimulator.ActiveCfg = Debug|Any CPU
		{CC5172F0-D52C-4E5B-997A-F929DF50EFD0}.Debug|iPhoneSimulator.Build.0 = Debug|Any CPU
		{CC5172F0-D52C-4E5B-997A-F929DF50EFD0}.Debug|x64.ActiveCfg = Debug|Any CPU
		{CC5172F0-D52C-4E5B-997A-F929DF50EFD0}.Debug|x64.Build.0 = Debug|Any CPU
		{CC5172F0-D52C-4E5B-997A-F929DF50EFD0}.Debug|x86.ActiveCfg = Debug|Any CPU
		{CC5172F0-D52C-4E5B-997A-F929DF50EFD0}.Debug|x86.Build.0 = Debug|Any CPU
		{CC5172F0-D52C-4E5B-997A-F929DF50EFD0}.Release|Any CPU.ActiveCfg = Release|Any CPU
		{CC5172F0-D52C-4E5B-997A-F929DF50EFD0}.Release|Any CPU.Build.0 = Release|Any CPU
		{CC5172F0-D52C-4E5B-997A-F929DF50EFD0}.Release|ARM.ActiveCfg = Release|Any CPU
		{CC5172F0-D52C-4E5B-997A-F929DF50EFD0}.Release|ARM.Build.0 = Release|Any CPU
		{CC5172F0-D52C-4E5B-997A-F929DF50EFD0}.Release|ARM64.ActiveCfg = Release|Any CPU
		{CC5172F0-D52C-4E5B-997A-F929DF50EFD0}.Release|ARM64.Build.0 = Release|Any CPU
		{CC5172F0-D52C-4E5B-997A-F929DF50EFD0}.Release|iPhone.ActiveCfg = Release|Any CPU
		{CC5172F0-D52C-4E5B-997A-F929DF50EFD0}.Release|iPhone.Build.0 = Release|Any CPU
		{CC5172F0-D52C-4E5B-997A-F929DF50EFD0}.Release|iPhoneSimulator.ActiveCfg = Release|Any CPU
		{CC5172F0-D52C-4E5B-997A-F929DF50EFD0}.Release|iPhoneSimulator.Build.0 = Release|Any CPU
		{CC5172F0-D52C-4E5B-997A-F929DF50EFD0}.Release|x64.ActiveCfg = Release|Any CPU
		{CC5172F0-D52C-4E5B-997A-F929DF50EFD0}.Release|x64.Build.0 = Release|Any CPU
		{CC5172F0-D52C-4E5B-997A-F929DF50EFD0}.Release|x86.ActiveCfg = Release|Any CPU
		{CC5172F0-D52C-4E5B-997A-F929DF50EFD0}.Release|x86.Build.0 = Release|Any CPU
		{7E4CB06E-1F2D-4556-9C90-58B8491CF5FC}.Ad-Hoc|Any CPU.ActiveCfg = Debug|iPhoneSimulator
		{7E4CB06E-1F2D-4556-9C90-58B8491CF5FC}.Ad-Hoc|Any CPU.Build.0 = Debug|iPhoneSimulator
		{7E4CB06E-1F2D-4556-9C90-58B8491CF5FC}.Ad-Hoc|ARM.ActiveCfg = Debug|iPhoneSimulator
		{7E4CB06E-1F2D-4556-9C90-58B8491CF5FC}.Ad-Hoc|ARM.Build.0 = Debug|iPhoneSimulator
		{7E4CB06E-1F2D-4556-9C90-58B8491CF5FC}.Ad-Hoc|ARM64.ActiveCfg = Debug|iPhoneSimulator
		{7E4CB06E-1F2D-4556-9C90-58B8491CF5FC}.Ad-Hoc|ARM64.Build.0 = Debug|iPhoneSimulator
		{7E4CB06E-1F2D-4556-9C90-58B8491CF5FC}.Ad-Hoc|iPhone.ActiveCfg = Debug|iPhoneSimulator
		{7E4CB06E-1F2D-4556-9C90-58B8491CF5FC}.Ad-Hoc|iPhone.Build.0 = Debug|iPhoneSimulator
		{7E4CB06E-1F2D-4556-9C90-58B8491CF5FC}.Ad-Hoc|iPhoneSimulator.ActiveCfg = Debug|iPhoneSimulator
		{7E4CB06E-1F2D-4556-9C90-58B8491CF5FC}.Ad-Hoc|iPhoneSimulator.Build.0 = Debug|iPhoneSimulator
		{7E4CB06E-1F2D-4556-9C90-58B8491CF5FC}.Ad-Hoc|x64.ActiveCfg = Debug|iPhoneSimulator
		{7E4CB06E-1F2D-4556-9C90-58B8491CF5FC}.Ad-Hoc|x64.Build.0 = Debug|iPhoneSimulator
		{7E4CB06E-1F2D-4556-9C90-58B8491CF5FC}.Ad-Hoc|x86.ActiveCfg = Debug|iPhoneSimulator
		{7E4CB06E-1F2D-4556-9C90-58B8491CF5FC}.Ad-Hoc|x86.Build.0 = Debug|iPhoneSimulator
		{7E4CB06E-1F2D-4556-9C90-58B8491CF5FC}.AppStore|Any CPU.ActiveCfg = Debug|iPhoneSimulator
		{7E4CB06E-1F2D-4556-9C90-58B8491CF5FC}.AppStore|Any CPU.Build.0 = Debug|iPhoneSimulator
		{7E4CB06E-1F2D-4556-9C90-58B8491CF5FC}.AppStore|ARM.ActiveCfg = Debug|iPhoneSimulator
		{7E4CB06E-1F2D-4556-9C90-58B8491CF5FC}.AppStore|ARM.Build.0 = Debug|iPhoneSimulator
		{7E4CB06E-1F2D-4556-9C90-58B8491CF5FC}.AppStore|ARM64.ActiveCfg = Debug|iPhoneSimulator
		{7E4CB06E-1F2D-4556-9C90-58B8491CF5FC}.AppStore|ARM64.Build.0 = Debug|iPhoneSimulator
		{7E4CB06E-1F2D-4556-9C90-58B8491CF5FC}.AppStore|iPhone.ActiveCfg = Debug|iPhoneSimulator
		{7E4CB06E-1F2D-4556-9C90-58B8491CF5FC}.AppStore|iPhone.Build.0 = Debug|iPhoneSimulator
		{7E4CB06E-1F2D-4556-9C90-58B8491CF5FC}.AppStore|iPhoneSimulator.ActiveCfg = Debug|iPhoneSimulator
		{7E4CB06E-1F2D-4556-9C90-58B8491CF5FC}.AppStore|iPhoneSimulator.Build.0 = Debug|iPhoneSimulator
		{7E4CB06E-1F2D-4556-9C90-58B8491CF5FC}.AppStore|x64.ActiveCfg = Debug|iPhoneSimulator
		{7E4CB06E-1F2D-4556-9C90-58B8491CF5FC}.AppStore|x64.Build.0 = Debug|iPhoneSimulator
		{7E4CB06E-1F2D-4556-9C90-58B8491CF5FC}.AppStore|x86.ActiveCfg = Debug|iPhoneSimulator
		{7E4CB06E-1F2D-4556-9C90-58B8491CF5FC}.AppStore|x86.Build.0 = Debug|iPhoneSimulator
		{7E4CB06E-1F2D-4556-9C90-58B8491CF5FC}.Debug|Any CPU.ActiveCfg = Debug|iPhoneSimulator
		{7E4CB06E-1F2D-4556-9C90-58B8491CF5FC}.Debug|ARM.ActiveCfg = Debug|iPhoneSimulator
		{7E4CB06E-1F2D-4556-9C90-58B8491CF5FC}.Debug|ARM64.ActiveCfg = Debug|iPhoneSimulator
		{7E4CB06E-1F2D-4556-9C90-58B8491CF5FC}.Debug|iPhone.ActiveCfg = Debug|iPhoneSimulator
		{7E4CB06E-1F2D-4556-9C90-58B8491CF5FC}.Debug|iPhoneSimulator.ActiveCfg = Debug|iPhoneSimulator
		{7E4CB06E-1F2D-4556-9C90-58B8491CF5FC}.Debug|iPhoneSimulator.Build.0 = Debug|iPhoneSimulator
		{7E4CB06E-1F2D-4556-9C90-58B8491CF5FC}.Debug|x64.ActiveCfg = Debug|iPhoneSimulator
		{7E4CB06E-1F2D-4556-9C90-58B8491CF5FC}.Debug|x86.ActiveCfg = Debug|iPhoneSimulator
		{7E4CB06E-1F2D-4556-9C90-58B8491CF5FC}.Release|Any CPU.ActiveCfg = Release|iPhoneSimulator
		{7E4CB06E-1F2D-4556-9C90-58B8491CF5FC}.Release|ARM.ActiveCfg = Release|iPhoneSimulator
		{7E4CB06E-1F2D-4556-9C90-58B8491CF5FC}.Release|ARM64.ActiveCfg = Release|iPhoneSimulator
		{7E4CB06E-1F2D-4556-9C90-58B8491CF5FC}.Release|iPhone.ActiveCfg = Release|iPhoneSimulator
		{7E4CB06E-1F2D-4556-9C90-58B8491CF5FC}.Release|iPhoneSimulator.ActiveCfg = Release|iPhoneSimulator
		{7E4CB06E-1F2D-4556-9C90-58B8491CF5FC}.Release|iPhoneSimulator.Build.0 = Release|iPhoneSimulator
		{7E4CB06E-1F2D-4556-9C90-58B8491CF5FC}.Release|x64.ActiveCfg = Release|iPhoneSimulator
		{7E4CB06E-1F2D-4556-9C90-58B8491CF5FC}.Release|x86.ActiveCfg = Release|iPhoneSimulator
		{01C4C759-6249-4FFE-85EA-2D15696AF5BA}.Ad-Hoc|Any CPU.ActiveCfg = Debug|Any CPU
		{01C4C759-6249-4FFE-85EA-2D15696AF5BA}.Ad-Hoc|Any CPU.Build.0 = Debug|Any CPU
		{01C4C759-6249-4FFE-85EA-2D15696AF5BA}.Ad-Hoc|ARM.ActiveCfg = Debug|Any CPU
		{01C4C759-6249-4FFE-85EA-2D15696AF5BA}.Ad-Hoc|ARM.Build.0 = Debug|Any CPU
		{01C4C759-6249-4FFE-85EA-2D15696AF5BA}.Ad-Hoc|ARM64.ActiveCfg = Debug|Any CPU
		{01C4C759-6249-4FFE-85EA-2D15696AF5BA}.Ad-Hoc|ARM64.Build.0 = Debug|Any CPU
		{01C4C759-6249-4FFE-85EA-2D15696AF5BA}.Ad-Hoc|iPhone.ActiveCfg = Debug|Any CPU
		{01C4C759-6249-4FFE-85EA-2D15696AF5BA}.Ad-Hoc|iPhone.Build.0 = Debug|Any CPU
		{01C4C759-6249-4FFE-85EA-2D15696AF5BA}.Ad-Hoc|iPhoneSimulator.ActiveCfg = Debug|Any CPU
		{01C4C759-6249-4FFE-85EA-2D15696AF5BA}.Ad-Hoc|iPhoneSimulator.Build.0 = Debug|Any CPU
		{01C4C759-6249-4FFE-85EA-2D15696AF5BA}.Ad-Hoc|x64.ActiveCfg = Debug|Any CPU
		{01C4C759-6249-4FFE-85EA-2D15696AF5BA}.Ad-Hoc|x64.Build.0 = Debug|Any CPU
		{01C4C759-6249-4FFE-85EA-2D15696AF5BA}.Ad-Hoc|x86.ActiveCfg = Debug|Any CPU
		{01C4C759-6249-4FFE-85EA-2D15696AF5BA}.Ad-Hoc|x86.Build.0 = Debug|Any CPU
		{01C4C759-6249-4FFE-85EA-2D15696AF5BA}.AppStore|Any CPU.ActiveCfg = Debug|Any CPU
		{01C4C759-6249-4FFE-85EA-2D15696AF5BA}.AppStore|Any CPU.Build.0 = Debug|Any CPU
		{01C4C759-6249-4FFE-85EA-2D15696AF5BA}.AppStore|ARM.ActiveCfg = Debug|Any CPU
		{01C4C759-6249-4FFE-85EA-2D15696AF5BA}.AppStore|ARM.Build.0 = Debug|Any CPU
		{01C4C759-6249-4FFE-85EA-2D15696AF5BA}.AppStore|ARM64.ActiveCfg = Debug|Any CPU
		{01C4C759-6249-4FFE-85EA-2D15696AF5BA}.AppStore|ARM64.Build.0 = Debug|Any CPU
		{01C4C759-6249-4FFE-85EA-2D15696AF5BA}.AppStore|iPhone.ActiveCfg = Debug|Any CPU
		{01C4C759-6249-4FFE-85EA-2D15696AF5BA}.AppStore|iPhone.Build.0 = Debug|Any CPU
		{01C4C759-6249-4FFE-85EA-2D15696AF5BA}.AppStore|iPhoneSimulator.ActiveCfg = Debug|Any CPU
		{01C4C759-6249-4FFE-85EA-2D15696AF5BA}.AppStore|iPhoneSimulator.Build.0 = Debug|Any CPU
		{01C4C759-6249-4FFE-85EA-2D15696AF5BA}.AppStore|x64.ActiveCfg = Debug|Any CPU
		{01C4C759-6249-4FFE-85EA-2D15696AF5BA}.AppStore|x64.Build.0 = Debug|Any CPU
		{01C4C759-6249-4FFE-85EA-2D15696AF5BA}.AppStore|x86.ActiveCfg = Debug|Any CPU
		{01C4C759-6249-4FFE-85EA-2D15696AF5BA}.AppStore|x86.Build.0 = Debug|Any CPU
		{01C4C759-6249-4FFE-85EA-2D15696AF5BA}.Debug|Any CPU.ActiveCfg = Debug|Any CPU
		{01C4C759-6249-4FFE-85EA-2D15696AF5BA}.Debug|Any CPU.Build.0 = Debug|Any CPU
		{01C4C759-6249-4FFE-85EA-2D15696AF5BA}.Debug|ARM.ActiveCfg = Debug|Any CPU
		{01C4C759-6249-4FFE-85EA-2D15696AF5BA}.Debug|ARM.Build.0 = Debug|Any CPU
		{01C4C759-6249-4FFE-85EA-2D15696AF5BA}.Debug|ARM64.ActiveCfg = Debug|Any CPU
		{01C4C759-6249-4FFE-85EA-2D15696AF5BA}.Debug|ARM64.Build.0 = Debug|Any CPU
		{01C4C759-6249-4FFE-85EA-2D15696AF5BA}.Debug|iPhone.ActiveCfg = Debug|Any CPU
		{01C4C759-6249-4FFE-85EA-2D15696AF5BA}.Debug|iPhone.Build.0 = Debug|Any CPU
		{01C4C759-6249-4FFE-85EA-2D15696AF5BA}.Debug|iPhoneSimulator.ActiveCfg = Debug|Any CPU
		{01C4C759-6249-4FFE-85EA-2D15696AF5BA}.Debug|iPhoneSimulator.Build.0 = Debug|Any CPU
		{01C4C759-6249-4FFE-85EA-2D15696AF5BA}.Debug|x64.ActiveCfg = Debug|Any CPU
		{01C4C759-6249-4FFE-85EA-2D15696AF5BA}.Debug|x64.Build.0 = Debug|Any CPU
		{01C4C759-6249-4FFE-85EA-2D15696AF5BA}.Debug|x86.ActiveCfg = Debug|Any CPU
		{01C4C759-6249-4FFE-85EA-2D15696AF5BA}.Debug|x86.Build.0 = Debug|Any CPU
		{01C4C759-6249-4FFE-85EA-2D15696AF5BA}.Release|Any CPU.ActiveCfg = Release|Any CPU
		{01C4C759-6249-4FFE-85EA-2D15696AF5BA}.Release|Any CPU.Build.0 = Release|Any CPU
		{01C4C759-6249-4FFE-85EA-2D15696AF5BA}.Release|ARM.ActiveCfg = Release|Any CPU
		{01C4C759-6249-4FFE-85EA-2D15696AF5BA}.Release|ARM.Build.0 = Release|Any CPU
		{01C4C759-6249-4FFE-85EA-2D15696AF5BA}.Release|ARM64.ActiveCfg = Release|Any CPU
		{01C4C759-6249-4FFE-85EA-2D15696AF5BA}.Release|ARM64.Build.0 = Release|Any CPU
		{01C4C759-6249-4FFE-85EA-2D15696AF5BA}.Release|iPhone.ActiveCfg = Release|Any CPU
		{01C4C759-6249-4FFE-85EA-2D15696AF5BA}.Release|iPhone.Build.0 = Release|Any CPU
		{01C4C759-6249-4FFE-85EA-2D15696AF5BA}.Release|iPhoneSimulator.ActiveCfg = Release|Any CPU
		{01C4C759-6249-4FFE-85EA-2D15696AF5BA}.Release|iPhoneSimulator.Build.0 = Release|Any CPU
		{01C4C759-6249-4FFE-85EA-2D15696AF5BA}.Release|x64.ActiveCfg = Release|Any CPU
		{01C4C759-6249-4FFE-85EA-2D15696AF5BA}.Release|x64.Build.0 = Release|Any CPU
		{01C4C759-6249-4FFE-85EA-2D15696AF5BA}.Release|x86.ActiveCfg = Release|Any CPU
		{01C4C759-6249-4FFE-85EA-2D15696AF5BA}.Release|x86.Build.0 = Release|Any CPU
		{BE8ED2D8-61CD-40B3-94AC-22E4B6EBFB2D}.Ad-Hoc|Any CPU.ActiveCfg = Debug|Any CPU
		{BE8ED2D8-61CD-40B3-94AC-22E4B6EBFB2D}.Ad-Hoc|Any CPU.Build.0 = Debug|Any CPU
		{BE8ED2D8-61CD-40B3-94AC-22E4B6EBFB2D}.Ad-Hoc|ARM.ActiveCfg = Debug|Any CPU
		{BE8ED2D8-61CD-40B3-94AC-22E4B6EBFB2D}.Ad-Hoc|ARM.Build.0 = Debug|Any CPU
		{BE8ED2D8-61CD-40B3-94AC-22E4B6EBFB2D}.Ad-Hoc|ARM64.ActiveCfg = Debug|Any CPU
		{BE8ED2D8-61CD-40B3-94AC-22E4B6EBFB2D}.Ad-Hoc|ARM64.Build.0 = Debug|Any CPU
		{BE8ED2D8-61CD-40B3-94AC-22E4B6EBFB2D}.Ad-Hoc|iPhone.ActiveCfg = Debug|Any CPU
		{BE8ED2D8-61CD-40B3-94AC-22E4B6EBFB2D}.Ad-Hoc|iPhone.Build.0 = Debug|Any CPU
		{BE8ED2D8-61CD-40B3-94AC-22E4B6EBFB2D}.Ad-Hoc|iPhoneSimulator.ActiveCfg = Debug|Any CPU
		{BE8ED2D8-61CD-40B3-94AC-22E4B6EBFB2D}.Ad-Hoc|iPhoneSimulator.Build.0 = Debug|Any CPU
		{BE8ED2D8-61CD-40B3-94AC-22E4B6EBFB2D}.Ad-Hoc|x64.ActiveCfg = Debug|Any CPU
		{BE8ED2D8-61CD-40B3-94AC-22E4B6EBFB2D}.Ad-Hoc|x64.Build.0 = Debug|Any CPU
		{BE8ED2D8-61CD-40B3-94AC-22E4B6EBFB2D}.Ad-Hoc|x86.ActiveCfg = Debug|Any CPU
		{BE8ED2D8-61CD-40B3-94AC-22E4B6EBFB2D}.Ad-Hoc|x86.Build.0 = Debug|Any CPU
		{BE8ED2D8-61CD-40B3-94AC-22E4B6EBFB2D}.AppStore|Any CPU.ActiveCfg = Debug|Any CPU
		{BE8ED2D8-61CD-40B3-94AC-22E4B6EBFB2D}.AppStore|Any CPU.Build.0 = Debug|Any CPU
		{BE8ED2D8-61CD-40B3-94AC-22E4B6EBFB2D}.AppStore|ARM.ActiveCfg = Debug|Any CPU
		{BE8ED2D8-61CD-40B3-94AC-22E4B6EBFB2D}.AppStore|ARM.Build.0 = Debug|Any CPU
		{BE8ED2D8-61CD-40B3-94AC-22E4B6EBFB2D}.AppStore|ARM64.ActiveCfg = Debug|Any CPU
		{BE8ED2D8-61CD-40B3-94AC-22E4B6EBFB2D}.AppStore|ARM64.Build.0 = Debug|Any CPU
		{BE8ED2D8-61CD-40B3-94AC-22E4B6EBFB2D}.AppStore|iPhone.ActiveCfg = Debug|Any CPU
		{BE8ED2D8-61CD-40B3-94AC-22E4B6EBFB2D}.AppStore|iPhone.Build.0 = Debug|Any CPU
		{BE8ED2D8-61CD-40B3-94AC-22E4B6EBFB2D}.AppStore|iPhoneSimulator.ActiveCfg = Debug|Any CPU
		{BE8ED2D8-61CD-40B3-94AC-22E4B6EBFB2D}.AppStore|iPhoneSimulator.Build.0 = Debug|Any CPU
		{BE8ED2D8-61CD-40B3-94AC-22E4B6EBFB2D}.AppStore|x64.ActiveCfg = Debug|Any CPU
		{BE8ED2D8-61CD-40B3-94AC-22E4B6EBFB2D}.AppStore|x64.Build.0 = Debug|Any CPU
		{BE8ED2D8-61CD-40B3-94AC-22E4B6EBFB2D}.AppStore|x86.ActiveCfg = Debug|Any CPU
		{BE8ED2D8-61CD-40B3-94AC-22E4B6EBFB2D}.AppStore|x86.Build.0 = Debug|Any CPU
		{BE8ED2D8-61CD-40B3-94AC-22E4B6EBFB2D}.Debug|Any CPU.ActiveCfg = Debug|Any CPU
		{BE8ED2D8-61CD-40B3-94AC-22E4B6EBFB2D}.Debug|Any CPU.Build.0 = Debug|Any CPU
		{BE8ED2D8-61CD-40B3-94AC-22E4B6EBFB2D}.Debug|ARM.ActiveCfg = Debug|Any CPU
		{BE8ED2D8-61CD-40B3-94AC-22E4B6EBFB2D}.Debug|ARM.Build.0 = Debug|Any CPU
		{BE8ED2D8-61CD-40B3-94AC-22E4B6EBFB2D}.Debug|ARM64.ActiveCfg = Debug|Any CPU
		{BE8ED2D8-61CD-40B3-94AC-22E4B6EBFB2D}.Debug|ARM64.Build.0 = Debug|Any CPU
		{BE8ED2D8-61CD-40B3-94AC-22E4B6EBFB2D}.Debug|iPhone.ActiveCfg = Debug|Any CPU
		{BE8ED2D8-61CD-40B3-94AC-22E4B6EBFB2D}.Debug|iPhone.Build.0 = Debug|Any CPU
		{BE8ED2D8-61CD-40B3-94AC-22E4B6EBFB2D}.Debug|iPhoneSimulator.ActiveCfg = Debug|Any CPU
		{BE8ED2D8-61CD-40B3-94AC-22E4B6EBFB2D}.Debug|iPhoneSimulator.Build.0 = Debug|Any CPU
		{BE8ED2D8-61CD-40B3-94AC-22E4B6EBFB2D}.Debug|x64.ActiveCfg = Debug|Any CPU
		{BE8ED2D8-61CD-40B3-94AC-22E4B6EBFB2D}.Debug|x64.Build.0 = Debug|Any CPU
		{BE8ED2D8-61CD-40B3-94AC-22E4B6EBFB2D}.Debug|x86.ActiveCfg = Debug|Any CPU
		{BE8ED2D8-61CD-40B3-94AC-22E4B6EBFB2D}.Debug|x86.Build.0 = Debug|Any CPU
		{BE8ED2D8-61CD-40B3-94AC-22E4B6EBFB2D}.Release|Any CPU.ActiveCfg = Release|Any CPU
		{BE8ED2D8-61CD-40B3-94AC-22E4B6EBFB2D}.Release|Any CPU.Build.0 = Release|Any CPU
		{BE8ED2D8-61CD-40B3-94AC-22E4B6EBFB2D}.Release|ARM.ActiveCfg = Release|Any CPU
		{BE8ED2D8-61CD-40B3-94AC-22E4B6EBFB2D}.Release|ARM.Build.0 = Release|Any CPU
		{BE8ED2D8-61CD-40B3-94AC-22E4B6EBFB2D}.Release|ARM64.ActiveCfg = Release|Any CPU
		{BE8ED2D8-61CD-40B3-94AC-22E4B6EBFB2D}.Release|ARM64.Build.0 = Release|Any CPU
		{BE8ED2D8-61CD-40B3-94AC-22E4B6EBFB2D}.Release|iPhone.ActiveCfg = Release|Any CPU
		{BE8ED2D8-61CD-40B3-94AC-22E4B6EBFB2D}.Release|iPhone.Build.0 = Release|Any CPU
		{BE8ED2D8-61CD-40B3-94AC-22E4B6EBFB2D}.Release|iPhoneSimulator.ActiveCfg = Release|Any CPU
		{BE8ED2D8-61CD-40B3-94AC-22E4B6EBFB2D}.Release|iPhoneSimulator.Build.0 = Release|Any CPU
		{BE8ED2D8-61CD-40B3-94AC-22E4B6EBFB2D}.Release|x64.ActiveCfg = Release|Any CPU
		{BE8ED2D8-61CD-40B3-94AC-22E4B6EBFB2D}.Release|x64.Build.0 = Release|Any CPU
		{BE8ED2D8-61CD-40B3-94AC-22E4B6EBFB2D}.Release|x86.ActiveCfg = Release|Any CPU
		{BE8ED2D8-61CD-40B3-94AC-22E4B6EBFB2D}.Release|x86.Build.0 = Release|Any CPU
		{A27055EA-6B11-40C8-B250-E4FAD74A0A1B}.Ad-Hoc|Any CPU.ActiveCfg = Debug|Any CPU
		{A27055EA-6B11-40C8-B250-E4FAD74A0A1B}.Ad-Hoc|Any CPU.Build.0 = Debug|Any CPU
		{A27055EA-6B11-40C8-B250-E4FAD74A0A1B}.Ad-Hoc|ARM.ActiveCfg = Debug|Any CPU
		{A27055EA-6B11-40C8-B250-E4FAD74A0A1B}.Ad-Hoc|ARM.Build.0 = Debug|Any CPU
		{A27055EA-6B11-40C8-B250-E4FAD74A0A1B}.Ad-Hoc|ARM64.ActiveCfg = Debug|Any CPU
		{A27055EA-6B11-40C8-B250-E4FAD74A0A1B}.Ad-Hoc|ARM64.Build.0 = Debug|Any CPU
		{A27055EA-6B11-40C8-B250-E4FAD74A0A1B}.Ad-Hoc|iPhone.ActiveCfg = Debug|Any CPU
		{A27055EA-6B11-40C8-B250-E4FAD74A0A1B}.Ad-Hoc|iPhone.Build.0 = Debug|Any CPU
		{A27055EA-6B11-40C8-B250-E4FAD74A0A1B}.Ad-Hoc|iPhoneSimulator.ActiveCfg = Debug|Any CPU
		{A27055EA-6B11-40C8-B250-E4FAD74A0A1B}.Ad-Hoc|iPhoneSimulator.Build.0 = Debug|Any CPU
		{A27055EA-6B11-40C8-B250-E4FAD74A0A1B}.Ad-Hoc|x64.ActiveCfg = Debug|Any CPU
		{A27055EA-6B11-40C8-B250-E4FAD74A0A1B}.Ad-Hoc|x64.Build.0 = Debug|Any CPU
		{A27055EA-6B11-40C8-B250-E4FAD74A0A1B}.Ad-Hoc|x86.ActiveCfg = Debug|Any CPU
		{A27055EA-6B11-40C8-B250-E4FAD74A0A1B}.Ad-Hoc|x86.Build.0 = Debug|Any CPU
		{A27055EA-6B11-40C8-B250-E4FAD74A0A1B}.AppStore|Any CPU.ActiveCfg = Debug|Any CPU
		{A27055EA-6B11-40C8-B250-E4FAD74A0A1B}.AppStore|Any CPU.Build.0 = Debug|Any CPU
		{A27055EA-6B11-40C8-B250-E4FAD74A0A1B}.AppStore|ARM.ActiveCfg = Debug|Any CPU
		{A27055EA-6B11-40C8-B250-E4FAD74A0A1B}.AppStore|ARM.Build.0 = Debug|Any CPU
		{A27055EA-6B11-40C8-B250-E4FAD74A0A1B}.AppStore|ARM64.ActiveCfg = Debug|Any CPU
		{A27055EA-6B11-40C8-B250-E4FAD74A0A1B}.AppStore|ARM64.Build.0 = Debug|Any CPU
		{A27055EA-6B11-40C8-B250-E4FAD74A0A1B}.AppStore|iPhone.ActiveCfg = Debug|Any CPU
		{A27055EA-6B11-40C8-B250-E4FAD74A0A1B}.AppStore|iPhone.Build.0 = Debug|Any CPU
		{A27055EA-6B11-40C8-B250-E4FAD74A0A1B}.AppStore|iPhoneSimulator.ActiveCfg = Debug|Any CPU
		{A27055EA-6B11-40C8-B250-E4FAD74A0A1B}.AppStore|iPhoneSimulator.Build.0 = Debug|Any CPU
		{A27055EA-6B11-40C8-B250-E4FAD74A0A1B}.AppStore|x64.ActiveCfg = Debug|Any CPU
		{A27055EA-6B11-40C8-B250-E4FAD74A0A1B}.AppStore|x64.Build.0 = Debug|Any CPU
		{A27055EA-6B11-40C8-B250-E4FAD74A0A1B}.AppStore|x86.ActiveCfg = Debug|Any CPU
		{A27055EA-6B11-40C8-B250-E4FAD74A0A1B}.AppStore|x86.Build.0 = Debug|Any CPU
		{A27055EA-6B11-40C8-B250-E4FAD74A0A1B}.Debug|Any CPU.ActiveCfg = Debug|Any CPU
		{A27055EA-6B11-40C8-B250-E4FAD74A0A1B}.Debug|Any CPU.Build.0 = Debug|Any CPU
		{A27055EA-6B11-40C8-B250-E4FAD74A0A1B}.Debug|ARM.ActiveCfg = Debug|Any CPU
		{A27055EA-6B11-40C8-B250-E4FAD74A0A1B}.Debug|ARM.Build.0 = Debug|Any CPU
		{A27055EA-6B11-40C8-B250-E4FAD74A0A1B}.Debug|ARM64.ActiveCfg = Debug|Any CPU
		{A27055EA-6B11-40C8-B250-E4FAD74A0A1B}.Debug|ARM64.Build.0 = Debug|Any CPU
		{A27055EA-6B11-40C8-B250-E4FAD74A0A1B}.Debug|iPhone.ActiveCfg = Debug|Any CPU
		{A27055EA-6B11-40C8-B250-E4FAD74A0A1B}.Debug|iPhone.Build.0 = Debug|Any CPU
		{A27055EA-6B11-40C8-B250-E4FAD74A0A1B}.Debug|iPhoneSimulator.ActiveCfg = Debug|Any CPU
		{A27055EA-6B11-40C8-B250-E4FAD74A0A1B}.Debug|iPhoneSimulator.Build.0 = Debug|Any CPU
		{A27055EA-6B11-40C8-B250-E4FAD74A0A1B}.Debug|x64.ActiveCfg = Debug|Any CPU
		{A27055EA-6B11-40C8-B250-E4FAD74A0A1B}.Debug|x64.Build.0 = Debug|Any CPU
		{A27055EA-6B11-40C8-B250-E4FAD74A0A1B}.Debug|x86.ActiveCfg = Debug|Any CPU
		{A27055EA-6B11-40C8-B250-E4FAD74A0A1B}.Debug|x86.Build.0 = Debug|Any CPU
		{A27055EA-6B11-40C8-B250-E4FAD74A0A1B}.Release|Any CPU.ActiveCfg = Release|Any CPU
		{A27055EA-6B11-40C8-B250-E4FAD74A0A1B}.Release|Any CPU.Build.0 = Release|Any CPU
		{A27055EA-6B11-40C8-B250-E4FAD74A0A1B}.Release|ARM.ActiveCfg = Release|Any CPU
		{A27055EA-6B11-40C8-B250-E4FAD74A0A1B}.Release|ARM.Build.0 = Release|Any CPU
		{A27055EA-6B11-40C8-B250-E4FAD74A0A1B}.Release|ARM64.ActiveCfg = Release|Any CPU
		{A27055EA-6B11-40C8-B250-E4FAD74A0A1B}.Release|ARM64.Build.0 = Release|Any CPU
		{A27055EA-6B11-40C8-B250-E4FAD74A0A1B}.Release|iPhone.ActiveCfg = Release|Any CPU
		{A27055EA-6B11-40C8-B250-E4FAD74A0A1B}.Release|iPhone.Build.0 = Release|Any CPU
		{A27055EA-6B11-40C8-B250-E4FAD74A0A1B}.Release|iPhoneSimulator.ActiveCfg = Release|Any CPU
		{A27055EA-6B11-40C8-B250-E4FAD74A0A1B}.Release|iPhoneSimulator.Build.0 = Release|Any CPU
		{A27055EA-6B11-40C8-B250-E4FAD74A0A1B}.Release|x64.ActiveCfg = Release|Any CPU
		{A27055EA-6B11-40C8-B250-E4FAD74A0A1B}.Release|x64.Build.0 = Release|Any CPU
		{A27055EA-6B11-40C8-B250-E4FAD74A0A1B}.Release|x86.ActiveCfg = Release|Any CPU
		{A27055EA-6B11-40C8-B250-E4FAD74A0A1B}.Release|x86.Build.0 = Release|Any CPU
		{EBF8E159-6FE7-498C-AEE0-B719CC439641}.Ad-Hoc|Any CPU.ActiveCfg = Debug|Any CPU
		{EBF8E159-6FE7-498C-AEE0-B719CC439641}.Ad-Hoc|Any CPU.Build.0 = Debug|Any CPU
		{EBF8E159-6FE7-498C-AEE0-B719CC439641}.Ad-Hoc|ARM.ActiveCfg = Debug|Any CPU
		{EBF8E159-6FE7-498C-AEE0-B719CC439641}.Ad-Hoc|ARM.Build.0 = Debug|Any CPU
		{EBF8E159-6FE7-498C-AEE0-B719CC439641}.Ad-Hoc|ARM64.ActiveCfg = Debug|Any CPU
		{EBF8E159-6FE7-498C-AEE0-B719CC439641}.Ad-Hoc|ARM64.Build.0 = Debug|Any CPU
		{EBF8E159-6FE7-498C-AEE0-B719CC439641}.Ad-Hoc|iPhone.ActiveCfg = Debug|Any CPU
		{EBF8E159-6FE7-498C-AEE0-B719CC439641}.Ad-Hoc|iPhone.Build.0 = Debug|Any CPU
		{EBF8E159-6FE7-498C-AEE0-B719CC439641}.Ad-Hoc|iPhoneSimulator.ActiveCfg = Debug|Any CPU
		{EBF8E159-6FE7-498C-AEE0-B719CC439641}.Ad-Hoc|iPhoneSimulator.Build.0 = Debug|Any CPU
		{EBF8E159-6FE7-498C-AEE0-B719CC439641}.Ad-Hoc|x64.ActiveCfg = Debug|Any CPU
		{EBF8E159-6FE7-498C-AEE0-B719CC439641}.Ad-Hoc|x64.Build.0 = Debug|Any CPU
		{EBF8E159-6FE7-498C-AEE0-B719CC439641}.Ad-Hoc|x86.ActiveCfg = Debug|Any CPU
		{EBF8E159-6FE7-498C-AEE0-B719CC439641}.Ad-Hoc|x86.Build.0 = Debug|Any CPU
		{EBF8E159-6FE7-498C-AEE0-B719CC439641}.AppStore|Any CPU.ActiveCfg = Debug|Any CPU
		{EBF8E159-6FE7-498C-AEE0-B719CC439641}.AppStore|Any CPU.Build.0 = Debug|Any CPU
		{EBF8E159-6FE7-498C-AEE0-B719CC439641}.AppStore|ARM.ActiveCfg = Debug|Any CPU
		{EBF8E159-6FE7-498C-AEE0-B719CC439641}.AppStore|ARM.Build.0 = Debug|Any CPU
		{EBF8E159-6FE7-498C-AEE0-B719CC439641}.AppStore|ARM64.ActiveCfg = Debug|Any CPU
		{EBF8E159-6FE7-498C-AEE0-B719CC439641}.AppStore|ARM64.Build.0 = Debug|Any CPU
		{EBF8E159-6FE7-498C-AEE0-B719CC439641}.AppStore|iPhone.ActiveCfg = Debug|Any CPU
		{EBF8E159-6FE7-498C-AEE0-B719CC439641}.AppStore|iPhone.Build.0 = Debug|Any CPU
		{EBF8E159-6FE7-498C-AEE0-B719CC439641}.AppStore|iPhoneSimulator.ActiveCfg = Debug|Any CPU
		{EBF8E159-6FE7-498C-AEE0-B719CC439641}.AppStore|iPhoneSimulator.Build.0 = Debug|Any CPU
		{EBF8E159-6FE7-498C-AEE0-B719CC439641}.AppStore|x64.ActiveCfg = Debug|Any CPU
		{EBF8E159-6FE7-498C-AEE0-B719CC439641}.AppStore|x64.Build.0 = Debug|Any CPU
		{EBF8E159-6FE7-498C-AEE0-B719CC439641}.AppStore|x86.ActiveCfg = Debug|Any CPU
		{EBF8E159-6FE7-498C-AEE0-B719CC439641}.AppStore|x86.Build.0 = Debug|Any CPU
		{EBF8E159-6FE7-498C-AEE0-B719CC439641}.Debug|Any CPU.ActiveCfg = Debug|Any CPU
		{EBF8E159-6FE7-498C-AEE0-B719CC439641}.Debug|Any CPU.Build.0 = Debug|Any CPU
		{EBF8E159-6FE7-498C-AEE0-B719CC439641}.Debug|ARM.ActiveCfg = Debug|Any CPU
		{EBF8E159-6FE7-498C-AEE0-B719CC439641}.Debug|ARM.Build.0 = Debug|Any CPU
		{EBF8E159-6FE7-498C-AEE0-B719CC439641}.Debug|ARM64.ActiveCfg = Debug|Any CPU
		{EBF8E159-6FE7-498C-AEE0-B719CC439641}.Debug|ARM64.Build.0 = Debug|Any CPU
		{EBF8E159-6FE7-498C-AEE0-B719CC439641}.Debug|iPhone.ActiveCfg = Debug|Any CPU
		{EBF8E159-6FE7-498C-AEE0-B719CC439641}.Debug|iPhone.Build.0 = Debug|Any CPU
		{EBF8E159-6FE7-498C-AEE0-B719CC439641}.Debug|iPhoneSimulator.ActiveCfg = Debug|Any CPU
		{EBF8E159-6FE7-498C-AEE0-B719CC439641}.Debug|iPhoneSimulator.Build.0 = Debug|Any CPU
		{EBF8E159-6FE7-498C-AEE0-B719CC439641}.Debug|x64.ActiveCfg = Debug|Any CPU
		{EBF8E159-6FE7-498C-AEE0-B719CC439641}.Debug|x64.Build.0 = Debug|Any CPU
		{EBF8E159-6FE7-498C-AEE0-B719CC439641}.Debug|x86.ActiveCfg = Debug|Any CPU
		{EBF8E159-6FE7-498C-AEE0-B719CC439641}.Debug|x86.Build.0 = Debug|Any CPU
		{EBF8E159-6FE7-498C-AEE0-B719CC439641}.Release|Any CPU.ActiveCfg = Release|Any CPU
		{EBF8E159-6FE7-498C-AEE0-B719CC439641}.Release|Any CPU.Build.0 = Release|Any CPU
		{EBF8E159-6FE7-498C-AEE0-B719CC439641}.Release|ARM.ActiveCfg = Release|Any CPU
		{EBF8E159-6FE7-498C-AEE0-B719CC439641}.Release|ARM.Build.0 = Release|Any CPU
		{EBF8E159-6FE7-498C-AEE0-B719CC439641}.Release|ARM64.ActiveCfg = Release|Any CPU
		{EBF8E159-6FE7-498C-AEE0-B719CC439641}.Release|ARM64.Build.0 = Release|Any CPU
		{EBF8E159-6FE7-498C-AEE0-B719CC439641}.Release|iPhone.ActiveCfg = Release|Any CPU
		{EBF8E159-6FE7-498C-AEE0-B719CC439641}.Release|iPhone.Build.0 = Release|Any CPU
		{EBF8E159-6FE7-498C-AEE0-B719CC439641}.Release|iPhoneSimulator.ActiveCfg = Release|Any CPU
		{EBF8E159-6FE7-498C-AEE0-B719CC439641}.Release|iPhoneSimulator.Build.0 = Release|Any CPU
		{EBF8E159-6FE7-498C-AEE0-B719CC439641}.Release|x64.ActiveCfg = Release|Any CPU
		{EBF8E159-6FE7-498C-AEE0-B719CC439641}.Release|x64.Build.0 = Release|Any CPU
		{EBF8E159-6FE7-498C-AEE0-B719CC439641}.Release|x86.ActiveCfg = Release|Any CPU
		{EBF8E159-6FE7-498C-AEE0-B719CC439641}.Release|x86.Build.0 = Release|Any CPU
		{31B17321-BA40-428E-BFB3-BECB1E79BC09}.Ad-Hoc|Any CPU.ActiveCfg = Debug|Any CPU
		{31B17321-BA40-428E-BFB3-BECB1E79BC09}.Ad-Hoc|Any CPU.Build.0 = Debug|Any CPU
		{31B17321-BA40-428E-BFB3-BECB1E79BC09}.Ad-Hoc|ARM.ActiveCfg = Debug|Any CPU
		{31B17321-BA40-428E-BFB3-BECB1E79BC09}.Ad-Hoc|ARM.Build.0 = Debug|Any CPU
		{31B17321-BA40-428E-BFB3-BECB1E79BC09}.Ad-Hoc|ARM64.ActiveCfg = Debug|Any CPU
		{31B17321-BA40-428E-BFB3-BECB1E79BC09}.Ad-Hoc|ARM64.Build.0 = Debug|Any CPU
		{31B17321-BA40-428E-BFB3-BECB1E79BC09}.Ad-Hoc|iPhone.ActiveCfg = Debug|Any CPU
		{31B17321-BA40-428E-BFB3-BECB1E79BC09}.Ad-Hoc|iPhone.Build.0 = Debug|Any CPU
		{31B17321-BA40-428E-BFB3-BECB1E79BC09}.Ad-Hoc|iPhoneSimulator.ActiveCfg = Debug|Any CPU
		{31B17321-BA40-428E-BFB3-BECB1E79BC09}.Ad-Hoc|iPhoneSimulator.Build.0 = Debug|Any CPU
		{31B17321-BA40-428E-BFB3-BECB1E79BC09}.Ad-Hoc|x64.ActiveCfg = Debug|Any CPU
		{31B17321-BA40-428E-BFB3-BECB1E79BC09}.Ad-Hoc|x64.Build.0 = Debug|Any CPU
		{31B17321-BA40-428E-BFB3-BECB1E79BC09}.Ad-Hoc|x86.ActiveCfg = Debug|Any CPU
		{31B17321-BA40-428E-BFB3-BECB1E79BC09}.Ad-Hoc|x86.Build.0 = Debug|Any CPU
		{31B17321-BA40-428E-BFB3-BECB1E79BC09}.AppStore|Any CPU.ActiveCfg = Debug|Any CPU
		{31B17321-BA40-428E-BFB3-BECB1E79BC09}.AppStore|Any CPU.Build.0 = Debug|Any CPU
		{31B17321-BA40-428E-BFB3-BECB1E79BC09}.AppStore|ARM.ActiveCfg = Debug|Any CPU
		{31B17321-BA40-428E-BFB3-BECB1E79BC09}.AppStore|ARM.Build.0 = Debug|Any CPU
		{31B17321-BA40-428E-BFB3-BECB1E79BC09}.AppStore|ARM64.ActiveCfg = Debug|Any CPU
		{31B17321-BA40-428E-BFB3-BECB1E79BC09}.AppStore|ARM64.Build.0 = Debug|Any CPU
		{31B17321-BA40-428E-BFB3-BECB1E79BC09}.AppStore|iPhone.ActiveCfg = Debug|Any CPU
		{31B17321-BA40-428E-BFB3-BECB1E79BC09}.AppStore|iPhone.Build.0 = Debug|Any CPU
		{31B17321-BA40-428E-BFB3-BECB1E79BC09}.AppStore|iPhoneSimulator.ActiveCfg = Debug|Any CPU
		{31B17321-BA40-428E-BFB3-BECB1E79BC09}.AppStore|iPhoneSimulator.Build.0 = Debug|Any CPU
		{31B17321-BA40-428E-BFB3-BECB1E79BC09}.AppStore|x64.ActiveCfg = Debug|Any CPU
		{31B17321-BA40-428E-BFB3-BECB1E79BC09}.AppStore|x64.Build.0 = Debug|Any CPU
		{31B17321-BA40-428E-BFB3-BECB1E79BC09}.AppStore|x86.ActiveCfg = Debug|Any CPU
		{31B17321-BA40-428E-BFB3-BECB1E79BC09}.AppStore|x86.Build.0 = Debug|Any CPU
		{31B17321-BA40-428E-BFB3-BECB1E79BC09}.Debug|Any CPU.ActiveCfg = Debug|Any CPU
		{31B17321-BA40-428E-BFB3-BECB1E79BC09}.Debug|Any CPU.Build.0 = Debug|Any CPU
		{31B17321-BA40-428E-BFB3-BECB1E79BC09}.Debug|ARM.ActiveCfg = Debug|Any CPU
		{31B17321-BA40-428E-BFB3-BECB1E79BC09}.Debug|ARM.Build.0 = Debug|Any CPU
		{31B17321-BA40-428E-BFB3-BECB1E79BC09}.Debug|ARM64.ActiveCfg = Debug|Any CPU
		{31B17321-BA40-428E-BFB3-BECB1E79BC09}.Debug|ARM64.Build.0 = Debug|Any CPU
		{31B17321-BA40-428E-BFB3-BECB1E79BC09}.Debug|iPhone.ActiveCfg = Debug|Any CPU
		{31B17321-BA40-428E-BFB3-BECB1E79BC09}.Debug|iPhone.Build.0 = Debug|Any CPU
		{31B17321-BA40-428E-BFB3-BECB1E79BC09}.Debug|iPhoneSimulator.ActiveCfg = Debug|Any CPU
		{31B17321-BA40-428E-BFB3-BECB1E79BC09}.Debug|iPhoneSimulator.Build.0 = Debug|Any CPU
		{31B17321-BA40-428E-BFB3-BECB1E79BC09}.Debug|x64.ActiveCfg = Debug|Any CPU
		{31B17321-BA40-428E-BFB3-BECB1E79BC09}.Debug|x64.Build.0 = Debug|Any CPU
		{31B17321-BA40-428E-BFB3-BECB1E79BC09}.Debug|x86.ActiveCfg = Debug|Any CPU
		{31B17321-BA40-428E-BFB3-BECB1E79BC09}.Debug|x86.Build.0 = Debug|Any CPU
		{31B17321-BA40-428E-BFB3-BECB1E79BC09}.Release|Any CPU.ActiveCfg = Release|Any CPU
		{31B17321-BA40-428E-BFB3-BECB1E79BC09}.Release|Any CPU.Build.0 = Release|Any CPU
		{31B17321-BA40-428E-BFB3-BECB1E79BC09}.Release|ARM.ActiveCfg = Release|Any CPU
		{31B17321-BA40-428E-BFB3-BECB1E79BC09}.Release|ARM.Build.0 = Release|Any CPU
		{31B17321-BA40-428E-BFB3-BECB1E79BC09}.Release|ARM64.ActiveCfg = Release|Any CPU
		{31B17321-BA40-428E-BFB3-BECB1E79BC09}.Release|ARM64.Build.0 = Release|Any CPU
		{31B17321-BA40-428E-BFB3-BECB1E79BC09}.Release|iPhone.ActiveCfg = Release|Any CPU
		{31B17321-BA40-428E-BFB3-BECB1E79BC09}.Release|iPhone.Build.0 = Release|Any CPU
		{31B17321-BA40-428E-BFB3-BECB1E79BC09}.Release|iPhoneSimulator.ActiveCfg = Release|Any CPU
		{31B17321-BA40-428E-BFB3-BECB1E79BC09}.Release|iPhoneSimulator.Build.0 = Release|Any CPU
		{31B17321-BA40-428E-BFB3-BECB1E79BC09}.Release|x64.ActiveCfg = Release|Any CPU
		{31B17321-BA40-428E-BFB3-BECB1E79BC09}.Release|x64.Build.0 = Release|Any CPU
		{31B17321-BA40-428E-BFB3-BECB1E79BC09}.Release|x86.ActiveCfg = Release|Any CPU
		{31B17321-BA40-428E-BFB3-BECB1E79BC09}.Release|x86.Build.0 = Release|Any CPU
	EndGlobalSection
	GlobalSection(SolutionProperties) = preSolution
		HideSolutionNode = FALSE
	EndGlobalSection
	GlobalSection(NestedProjects) = preSolution
		{113D5253-EA6B-450B-870B-7A80C9E1D41B} = {436E3CEB-F15F-4DEF-B7B0-2DC58B327652}
		{E96E8C17-461D-409C-B71E-8C25372283D8} = {436E3CEB-F15F-4DEF-B7B0-2DC58B327652}
		{2D5CAC37-ADDA-4763-958C-EB6E1233EACB} = {436E3CEB-F15F-4DEF-B7B0-2DC58B327652}
		{CC5172F0-D52C-4E5B-997A-F929DF50EFD0} = {436E3CEB-F15F-4DEF-B7B0-2DC58B327652}
		{7E4CB06E-1F2D-4556-9C90-58B8491CF5FC} = {436E3CEB-F15F-4DEF-B7B0-2DC58B327652}
		{01C4C759-6249-4FFE-85EA-2D15696AF5BA} = {436E3CEB-F15F-4DEF-B7B0-2DC58B327652}
		{BE8ED2D8-61CD-40B3-94AC-22E4B6EBFB2D} = {436E3CEB-F15F-4DEF-B7B0-2DC58B327652}
		{A27055EA-6B11-40C8-B250-E4FAD74A0A1B} = {436E3CEB-F15F-4DEF-B7B0-2DC58B327652}
		{EBF8E159-6FE7-498C-AEE0-B719CC439641} = {436E3CEB-F15F-4DEF-B7B0-2DC58B327652}
	EndGlobalSection
	GlobalSection(ExtensibilityGlobals) = postSolution
		SolutionGuid = {1805DDCC-7F71-4272-B4E3-8A64CD5FFCFE}
	EndGlobalSection
EndGlobal
